
Microsoft Visual Studio Solution File, Format Version 12.00
# Visual Studio Version 17
VisualStudioVersion = 17.3.32901.215
MinimumVisualStudioVersion = 10.0.40219.1
Project("{FAE04EC0-301F-11D3-BF4B-00C04F79EFBC}") = "Foxus.API", "src\foxus.API\Foxus.API.csproj", "{B5FEDCFD-7660-427B-B9DD-2036333C89CA}"
EndProject
Project("{FAE04EC0-301F-11D3-BF4B-00C04F79EFBC}") = "Foxus.Domain", "src\foxus.Domain\Foxus.Domain.csproj", "{90A50A27-54FA-4D1D-8DFB-8AD9F6E921CA}"
EndProject
Project("{FAE04EC0-301F-11D3-BF4B-00C04F79EFBC}") = "Foxus.Infrastructure.Data", "src\foxus.Infrastructure.Data\Foxus.Infrastructure.Data.csproj", "{9896A89A-4D39-4708-9983-10F47B03002B}"
EndProject
Global
	GlobalSection(SolutionConfigurationPlatforms) = preSolution
		Debug|Any CPU = Debug|Any CPU
		Release|Any CPU = Release|Any CPU
	EndGlobalSection
	GlobalSection(ProjectConfigurationPlatforms) = postSolution
		{B5FEDCFD-7660-427B-B9DD-2036333C89CA}.Debug|Any CPU.ActiveCfg = Debug|Any CPU
		{B5FEDCFD-7660-427B-B9DD-2036333C89CA}.Debug|Any CPU.Build.0 = Debug|Any CPU
		{B5FEDCFD-7660-427B-B9DD-2036333C89CA}.Release|Any CPU.ActiveCfg = Release|Any CPU
		{B5FEDCFD-7660-427B-B9DD-2036333C89CA}.Release|Any CPU.Build.0 = Release|Any CPU
		{90A50A27-54FA-4D1D-8DFB-8AD9F6E921CA}.Debug|Any CPU.ActiveCfg = Debug|Any CPU
		{90A50A27-54FA-4D1D-8DFB-8AD9F6E921CA}.Debug|Any CPU.Build.0 = Debug|Any CPU
		{90A50A27-54FA-4D1D-8DFB-8AD9F6E921CA}.Release|Any CPU.ActiveCfg = Release|Any CPU
		{90A50A27-54FA-4D1D-8DFB-8AD9F6E921CA}.Release|Any CPU.Build.0 = Release|Any CPU
		{9896A89A-4D39-4708-9983-10F47B03002B}.Debug|Any CPU.ActiveCfg = Debug|Any CPU
		{9896A89A-4D39-4708-9983-10F47B03002B}.Debug|Any CPU.Build.0 = Debug|Any CPU
		{9896A89A-4D39-4708-9983-10F47B03002B}.Release|Any CPU.ActiveCfg = Release|Any CPU
		{9896A89A-4D39-4708-9983-10F47B03002B}.Release|Any CPU.Build.0 = Release|Any CPU
	EndGlobalSection
	GlobalSection(SolutionProperties) = preSolution
		HideSolutionNode = FALSE
	EndGlobalSection
	GlobalSection(ExtensibilityGlobals) = postSolution
		SolutionGuid = {53228988-7D52-4A0F-BE1E-8037CFAD90F7}
	EndGlobalSection
EndGlobal
