
Microsoft Visual Studio Solution File, Format Version 12.00
# Visual Studio Version 17
VisualStudioVersion = 17.3.32901.215
MinimumVisualStudioVersion = 10.0.40219.1
Project("{FAE04EC0-301F-11D3-BF4B-00C04F79EFBC}") = "foxus-api", "foxus-api.csproj", "{EC0E8D55-4F2B-47B0-B7B6-E4DBC6F12FAC}"
EndProject
Global
	GlobalSection(SolutionConfigurationPlatforms) = preSolution
		Debug|Any CPU = Debug|Any CPU
		Release|Any CPU = Release|Any CPU
	EndGlobalSection
	GlobalSection(ProjectConfigurationPlatforms) = postSolution
		{EC0E8D55-4F2B-47B0-B7B6-E4DBC6F12FAC}.Debug|Any CPU.ActiveCfg = Debug|Any CPU
		{EC0E8D55-4F2B-47B0-B7B6-E4DBC6F12FAC}.Debug|Any CPU.Build.0 = Debug|Any CPU
		{EC0E8D55-4F2B-47B0-B7B6-E4DBC6F12FAC}.Release|Any CPU.ActiveCfg = Release|Any CPU
		{EC0E8D55-4F2B-47B0-B7B6-E4DBC6F12FAC}.Release|Any CPU.Build.0 = Release|Any CPU
	EndGlobalSection
	GlobalSection(SolutionProperties) = preSolution
		HideSolutionNode = FALSE
	EndGlobalSection
	GlobalSection(ExtensibilityGlobals) = postSolution
		SolutionGuid = {2C254082-C2F8-4FDA-B4B2-AC2F04EAA484}
	EndGlobalSection
EndGlobal
